
Microsoft Visual Studio Solution File, Format Version 12.00
# Visual Studio Version 17
VisualStudioVersion = 17.5.33516.290
MinimumVisualStudioVersion = 10.0.40219.1
Project("{FAE04EC0-301F-11D3-BF4B-00C04F79EFBC}") = "StudentAPI", "PetStore\StudentAPI.csproj", "{5194BC2F-BD3A-4070-AF53-4E21E0C91F12}"
EndProject
Global
	GlobalSection(SolutionConfigurationPlatforms) = preSolution
		Debug|Any CPU = Debug|Any CPU
		Release|Any CPU = Release|Any CPU
	EndGlobalSection
	GlobalSection(ProjectConfigurationPlatforms) = postSolution
		{5194BC2F-BD3A-4070-AF53-4E21E0C91F12}.Debug|Any CPU.ActiveCfg = Debug|Any CPU
		{5194BC2F-BD3A-4070-AF53-4E21E0C91F12}.Debug|Any CPU.Build.0 = Debug|Any CPU
		{5194BC2F-BD3A-4070-AF53-4E21E0C91F12}.Release|Any CPU.ActiveCfg = Release|Any CPU
		{5194BC2F-BD3A-4070-AF53-4E21E0C91F12}.Release|Any CPU.Build.0 = Release|Any CPU
	EndGlobalSection
	GlobalSection(SolutionProperties) = preSolution
		HideSolutionNode = FALSE
	EndGlobalSection
	GlobalSection(ExtensibilityGlobals) = postSolution
		SolutionGuid = {82CEB607-DE1D-47AD-94E3-8B0260E952D3}
	EndGlobalSection
EndGlobal
